
Microsoft Visual Studio Solution File, Format Version 12.00
# Visual Studio Version 17
VisualStudioVersion = 17.11.35303.130
MinimumVisualStudioVersion = 10.0.40219.1
Project("{FAE04EC0-301F-11D3-BF4B-00C04F79EFBC}") = "Shoot'Em Up", "Shoot'Em Up\Shoot'Em Up.csproj", "{D0CF4786-67D5-4AEE-8A89-906DA6FE92C4}"
EndProject
Global
	GlobalSection(SolutionConfigurationPlatforms) = preSolution
		Debug|Any CPU = Debug|Any CPU
		Release|Any CPU = Release|Any CPU
	EndGlobalSection
	GlobalSection(ProjectConfigurationPlatforms) = postSolution
		{D0CF4786-67D5-4AEE-8A89-906DA6FE92C4}.Debug|Any CPU.ActiveCfg = Debug|Any CPU
		{D0CF4786-67D5-4AEE-8A89-906DA6FE92C4}.Debug|Any CPU.Build.0 = Debug|Any CPU
		{D0CF4786-67D5-4AEE-8A89-906DA6FE92C4}.Release|Any CPU.ActiveCfg = Release|Any CPU
		{D0CF4786-67D5-4AEE-8A89-906DA6FE92C4}.Release|Any CPU.Build.0 = Release|Any CPU
	EndGlobalSection
	GlobalSection(SolutionProperties) = preSolution
		HideSolutionNode = FALSE
	EndGlobalSection
	GlobalSection(ExtensibilityGlobals) = postSolution
		SolutionGuid = {75150CF5-0006-4020-A0C8-3D4A46501C64}
	EndGlobalSection
EndGlobal
